
Microsoft Visual Studio Solution File, Format Version 12.00
# Visual Studio Version 16
VisualStudioVersion = 16.0.30717.126
MinimumVisualStudioVersion = 10.0.40219.1
Project("{9A19103F-16F7-4668-BE54-9A1E7A4F7556}") = "SISWalletAPI", "SISWalletAPI\SISWalletAPI.csproj", "{4BC63E73-3F22-4464-B164-3CBA8A31C8D9}"
EndProject
Project("{D954291E-2A0B-460D-934E-DC6B0785DB48}") = "SISWallet.Models", "SISWallet.Models\SISWallet.Models.shproj", "{FE8EB483-410A-4A31-B6C4-FE50BAB17204}"
EndProject
Global
	GlobalSection(SharedMSBuildProjectFiles) = preSolution
		SISWallet.Models\SISWallet.Models.projitems*{4bc63e73-3f22-4464-b164-3cba8a31c8d9}*SharedItemsImports = 5
		SISWallet.Models\SISWallet.Models.projitems*{fe8eb483-410a-4a31-b6c4-fe50bab17204}*SharedItemsImports = 13
	EndGlobalSection
	GlobalSection(SolutionConfigurationPlatforms) = preSolution
		Debug|Any CPU = Debug|Any CPU
		Release|Any CPU = Release|Any CPU
	EndGlobalSection
	GlobalSection(ProjectConfigurationPlatforms) = postSolution
		{4BC63E73-3F22-4464-B164-3CBA8A31C8D9}.Debug|Any CPU.ActiveCfg = Debug|Any CPU
		{4BC63E73-3F22-4464-B164-3CBA8A31C8D9}.Debug|Any CPU.Build.0 = Debug|Any CPU
		{4BC63E73-3F22-4464-B164-3CBA8A31C8D9}.Release|Any CPU.ActiveCfg = Release|Any CPU
		{4BC63E73-3F22-4464-B164-3CBA8A31C8D9}.Release|Any CPU.Build.0 = Release|Any CPU
	EndGlobalSection
	GlobalSection(SolutionProperties) = preSolution
		HideSolutionNode = FALSE
	EndGlobalSection
	GlobalSection(ExtensibilityGlobals) = postSolution
		SolutionGuid = {32CC8287-146F-48DB-AF7C-AE5B2AC3DCFA}
	EndGlobalSection
EndGlobal
